version = 1
requires-python = ">=3.7"

[[package]]
name = "funfake"
version = "1.0.3"
source = { registry = "https://pypi.org/simple" }
sdist = { url = "https://files.pythonhosted.org/packages/38/66/cc442b881e8f64190510c63460dc57aa3ed24affa0fce7fa467c6f03b9fe/funfake-1.0.3.tar.gz", hash = "sha256:e6cd40445406f2a8203798e64d24de119dd6a8e9c32622fea47121b540f58c94", size = 10500 }
wheels = [
    { url = "https://files.pythonhosted.org/packages/3f/08/8b74aa1789c530fd934997b3674d80c2111aab99365077a56a82bf6c0ad6/funfake-1.0.3-py3-none-any.whl", hash = "sha256:36138ae61b68578b08db993ee7d3da212e6b8b5e0d86fc69e32a60f7d93970f8", size = 11381 },
]

[[package]]
name = "funimage"
version = "1.0.11"
source = { virtual = "." }
dependencies = [
    { name = "funfake" },
    { name = "funutil" },
    { name = "pillow" },
    { name = "pillow-avif-plugin" },
]

[package.metadata]
requires-dist = [
    { name = "funfake", specifier = ">=1.0.3" },
    { name = "funutil", specifier = ">=1.0.14" },
    { name = "pillow" },
    { name = "pillow-avif-plugin", specifier = ">=1.4.6" },
]

[[package]]
name = "funutil"
version = "1.0.14"
source = { registry = "https://pypi.org/simple" }
sdist = { url = "https://files.pythonhosted.org/packages/66/cc/1be3f7580296a1adb907b3ffaa9468259fdfdb20bdcc4613aeb1225c9039/funutil-1.0.14.tar.gz", hash = "sha256:df7453d211c9ec0a85a09a83b3a023bb91513dfc0caa72c0a1c8227a5110b68c", size = 17524 }
wheels = [
    { url = "https://files.pythonhosted.org/packages/0d/85/9232ea4f633b598a4d17ee7b20e700efda3a3ab190e3903b0c8594f708b9/funutil-1.0.14-py3-none-any.whl", hash = "sha256:9dc7a485611721754e44ea982da3170c8b53bce0cf8b0e77f3117cd0bd238727", size = 21601 },
]

[[package]]
name = "pillow"
version = "9.5.0"
source = { registry = "https://pypi.org/simple" }
sdist = { url = "https://files.pythonhosted.org/packages/00/d5/4903f310765e0ff2b8e91ffe55031ac6af77d982f0156061e20a4d1a8b2d/Pillow-9.5.0.tar.gz", hash = "sha256:bf548479d336726d7a0eceb6e767e179fbde37833ae42794602631a070d630f1", size = 50488147 }
wheels = [
    { url = "https://files.pythonhosted.org/packages/1b/bc/cff591742feea45f88a3b8a83f7cab4a1dcdb4bcdfc51a06d92f96c81165/Pillow-9.5.0-cp310-cp310-macosx_10_10_x86_64.whl", hash = "sha256:ace6ca218308447b9077c14ea4ef381ba0b67ee78d64046b3f19cf4e1139ad16", size = 3395758 },
    { url = "https://files.pythonhosted.org/packages/38/06/de304914ecd2c911939a28579546bd4d9b6ae0b3c07ce5fe9bd7d100eb34/Pillow-9.5.0-cp310-cp310-macosx_11_0_arm64.whl", hash = "sha256:d3d403753c9d5adc04d4694d35cf0391f0f3d57c8e0030aac09d7678fa8030aa", size = 3077111 },
    { url = "https://files.pythonhosted.org/packages/9a/57/7864b6a22acb5f1d4b70af8c92cbd5e3af25f4d5869c24cd8074ca1f3593/Pillow-9.5.0-cp310-cp310-manylinux_2_17_aarch64.manylinux2014_aarch64.whl", hash = "sha256:5ba1b81ee69573fe7124881762bb4cd2e4b6ed9dd28c9c60a632902fe8db8b38", size = 3112529 },
    { url = "https://files.pythonhosted.org/packages/62/88/46a35f690ee4f8b08aef5fdb47f63d29c34f6874834155e52bf4456d9566/Pillow-9.5.0-cp310-cp310-manylinux_2_17_i686.manylinux2014_i686.whl", hash = "sha256:fe7e1c262d3392afcf5071df9afa574544f28eac825284596ac6db56e6d11062", size = 3386670 },
    { url = "https://files.pythonhosted.org/packages/59/1d/26a56ed1deae695a8c7d13fb514284ba8b9fd62bab9ebe6d6b474523b8b0/Pillow-9.5.0-cp310-cp310-manylinux_2_17_x86_64.manylinux2014_x86_64.whl", hash = "sha256:8f36397bf3f7d7c6a3abdea815ecf6fd14e7fcd4418ab24bae01008d8d8ca15e", size = 3308572 },
    { url = "https://files.pythonhosted.org/packages/d4/36/d22b0fac821a14572fdb9a8015b2bf19ee81eaa560ea25a6772760c86a30/Pillow-9.5.0-cp310-cp310-manylinux_2_28_aarch64.whl", hash = "sha256:252a03f1bdddce077eff2354c3861bf437c892fb1832f75ce813ee94347aa9b5", size = 3163999 },
    { url = "https://files.pythonhosted.org/packages/25/6b/d3c35d207c9c0b6c2f855420f62e64ef43d348e8c797ad1c32b9f2106a19/Pillow-9.5.0-cp310-cp310-manylinux_2_28_x86_64.whl", hash = "sha256:85ec677246533e27770b0de5cf0f9d6e4ec0c212a1f89dfc941b64b21226009d", size = 3415623 },
    { url = "https://files.pythonhosted.org/packages/7a/6a/a7df39c502caeadd942d8bf97bc2fdfc819fbdc7499a2ab05e7db43611ac/Pillow-9.5.0-cp310-cp310-musllinux_1_1_aarch64.whl", hash = "sha256:b416f03d37d27290cb93597335a2f85ed446731200705b22bb927405320de903", size = 3350658 },
    { url = "https://files.pythonhosted.org/packages/2e/ad/d29c8c48498da680521665b8483beb78a9343269bbd0730970e9396b01f0/Pillow-9.5.0-cp310-cp310-musllinux_1_1_x86_64.whl", hash = "sha256:1781a624c229cb35a2ac31cc4a77e28cafc8900733a864870c49bfeedacd106a", size = 3414574 },
    { url = "https://files.pythonhosted.org/packages/93/54/9d7f01fd3fe4069c88827728646e3c8f1aff0995e8422d841b38f034f39a/Pillow-9.5.0-cp310-cp310-win32.whl", hash = "sha256:8507eda3cd0608a1f94f58c64817e83ec12fa93a9436938b191b80d9e4c0fc44", size = 2211916 },
    { url = "https://files.pythonhosted.org/packages/3e/14/0030e542f2acfea43635e55584c114e6cfd94d342393a5f71f74c172dc35/Pillow-9.5.0-cp310-cp310-win_amd64.whl", hash = "sha256:d3c6b54e304c60c4181da1c9dadf83e4a54fd266a99c70ba646a9baa626819eb", size = 2511474 },
    { url = "https://files.pythonhosted.org/packages/78/a8/3c2d737d856eb9cd8c18e78f6fe0ed08a2805bded74cbb0455584859023b/Pillow-9.5.0-cp311-cp311-macosx_10_10_x86_64.whl", hash = "sha256:7ec6f6ce99dab90b52da21cf0dc519e21095e332ff3b399a357c187b1a5eee32", size = 3395792 },
    { url = "https://files.pythonhosted.org/packages/a9/15/310cde63cb15a091de889ded26281924cf9cfa5c000b36b06bd0c7f50261/Pillow-9.5.0-cp311-cp311-macosx_11_0_arm64.whl", hash = "sha256:560737e70cb9c6255d6dcba3de6578a9e2ec4b573659943a5e7e4af13f298f5c", size = 3077092 },
    { url = "https://files.pythonhosted.org/packages/17/66/20db69c0361902a2f6ee2086d3e83c70133e3fb4cb31470e59a8ed37184e/Pillow-9.5.0-cp311-cp311-manylinux_2_17_aarch64.manylinux2014_aarch64.whl", hash = "sha256:96e88745a55b88a7c64fa49bceff363a1a27d9a64e04019c2281049444a571e3", size = 3112543 },
    { url = "https://files.pythonhosted.org/packages/5c/a8/ff526cdec6b56eb20c992e7083f02c8065049ed1e62fbc159390d7a3dd5e/Pillow-9.5.0-cp311-cp311-manylinux_2_17_i686.manylinux2014_i686.whl", hash = "sha256:d9c206c29b46cfd343ea7cdfe1232443072bbb270d6a46f59c259460db76779a", size = 3386654 },
    { url = "https://files.pythonhosted.org/packages/3b/70/e9a45a2e9c58c23e023fcda5af9686f5b42c718cc9bc86194e0025cf0ec5/Pillow-9.5.0-cp311-cp311-manylinux_2_17_x86_64.manylinux2014_x86_64.whl", hash = "sha256:cfcc2c53c06f2ccb8976fb5c71d448bdd0a07d26d8e07e321c103416444c7ad1", size = 3308566 },
    { url = "https://files.pythonhosted.org/packages/61/a5/ee306d6cc53c9a30c23ba2313b43b67fdf76c611ca5afd0cdd62922cbd3e/Pillow-9.5.0-cp311-cp311-manylinux_2_28_aarch64.whl", hash = "sha256:a0f9bb6c80e6efcde93ffc51256d5cfb2155ff8f78292f074f60f9e70b942d99", size = 3164027 },
    { url = "https://files.pythonhosted.org/packages/3d/59/e6bd2c3715ace343d9739276ceed79657fe116923238d102cf731ab463dd/Pillow-9.5.0-cp311-cp311-manylinux_2_28_x86_64.whl", hash = "sha256:8d935f924bbab8f0a9a28404422da8af4904e36d5c33fc6f677e4c4485515625", size = 3415610 },
    { url = "https://files.pythonhosted.org/packages/9a/6d/9beb596ba5a5e61081c843187bcdbb42a5c9a9ef552751b554894247da7a/Pillow-9.5.0-cp311-cp311-musllinux_1_1_aarch64.whl", hash = "sha256:fed1e1cf6a42577953abbe8e6cf2fe2f566daebde7c34724ec8803c4c0cda579", size = 3350704 },
    { url = "https://files.pythonhosted.org/packages/1e/e4/de633d85be3b3c770c554a37a89e8273069bd19c34b15a419c2795600310/Pillow-9.5.0-cp311-cp311-musllinux_1_1_x86_64.whl", hash = "sha256:c1170d6b195555644f0616fd6ed929dfcf6333b8675fcca044ae5ab110ded296", size = 3414604 },
    { url = "https://files.pythonhosted.org/packages/46/a0/e410f655300932308e70e883dd60c0c51e6f74bed138641ea9193e64fd7c/Pillow-9.5.0-cp311-cp311-win32.whl", hash = "sha256:54f7102ad31a3de5666827526e248c3530b3a33539dbda27c6843d19d72644ec", size = 2211929 },
    { url = "https://files.pythonhosted.org/packages/0c/02/7729c8aecbc525b560c7eb283ffa34c6f5a6d0ed6d1339570c65a3e63088/Pillow-9.5.0-cp311-cp311-win_amd64.whl", hash = "sha256:cfa4561277f677ecf651e2b22dc43e8f5368b74a25a8f7d1d4a3a243e573f2d4", size = 2511551 },
    { url = "https://files.pythonhosted.org/packages/b9/8b/d38cc68796be4ac238db327682a1acfbc5deccf64a150aa44ee1efbaafae/Pillow-9.5.0-cp311-cp311-win_arm64.whl", hash = "sha256:965e4a05ef364e7b973dd17fc765f42233415974d773e82144c9bbaaaea5d089", size = 2489206 },
    { url = "https://files.pythonhosted.org/packages/5d/38/b7bcbab3bfe1946ba9cf71c1fa03e541b498069457be49eadcdc229412ef/Pillow-9.5.0-cp312-cp312-win32.whl", hash = "sha256:22baf0c3cf0c7f26e82d6e1adf118027afb325e703922c8dfc1d5d0156bb2eeb", size = 2211914 },
    { url = "https://files.pythonhosted.org/packages/29/8a/f4cf3f32bc554f9260b645ea1151449ac13525796d3d1a42076d75945d8d/Pillow-9.5.0-cp312-cp312-win_amd64.whl", hash = "sha256:432b975c009cf649420615388561c0ce7cc31ce9b2e374db659ee4f7d57a1f8b", size = 2511483 },
    { url = "https://files.pythonhosted.org/packages/ec/7d/01404982db598f271ac7c0d0207860f60ab9288cfacce9872eb567cfbfe3/Pillow-9.5.0-cp37-cp37m-macosx_10_10_x86_64.whl", hash = "sha256:5d4ebf8e1db4441a55c509c4baa7a0587a0210f7cd25fcfe74dbbce7a4bd1906", size = 3394876 },
    { url = "https://files.pythonhosted.org/packages/5b/d9/8599b0e4f750aa3cc43613f57cae5a0dfe841b1a8c8c8bde97e83828cdfd/Pillow-9.5.0-cp37-cp37m-manylinux_2_17_aarch64.manylinux2014_aarch64.whl", hash = "sha256:375f6e5ee9620a271acb6820b3d1e94ffa8e741c0601db4c0c4d3cb0a9c224bf", size = 3112088 },
    { url = "https://files.pythonhosted.org/packages/b8/c1/2c1daeb1e7c44d477f4f2d92f3316d922c9f8926378afcba424c6d1850aa/Pillow-9.5.0-cp37-cp37m-manylinux_2_17_i686.manylinux2014_i686.whl", hash = "sha256:99eb6cafb6ba90e436684e08dad8be1637efb71c4f2180ee6b8f940739406e78", size = 3385803 },
    { url = "https://files.pythonhosted.org/packages/37/95/48565d6beb34deaacda1543b515dab9479b8fa8b9046703fd08ad447ddfe/Pillow-9.5.0-cp37-cp37m-manylinux_2_17_x86_64.manylinux2014_x86_64.whl", hash = "sha256:2dfaaf10b6172697b9bceb9a3bd7b951819d1ca339a5ef294d1f1ac6d7f63270", size = 3307826 },
    { url = "https://files.pythonhosted.org/packages/b0/02/baf83c103657285542bba78978f5f6fb21d419944c2a4c54f950eb84a7bc/Pillow-9.5.0-cp37-cp37m-manylinux_2_28_aarch64.whl", hash = "sha256:763782b2e03e45e2c77d7779875f4432e25121ef002a41829d8868700d119392", size = 3163643 },
    { url = "https://files.pythonhosted.org/packages/2c/a2/2d565cb1d754384a88998b9c86daf803a3a7908577875231eb99b8c7973d/Pillow-9.5.0-cp37-cp37m-manylinux_2_28_x86_64.whl", hash = "sha256:35f6e77122a0c0762268216315bf239cf52b88865bba522999dc38f1c52b9b47", size = 3415119 },
    { url = "https://files.pythonhosted.org/packages/97/d2/f0b4c006c8997aff5277cdde18187c55ce767f9fd32b2dd657c1bf71b570/Pillow-9.5.0-cp37-cp37m-win32.whl", hash = "sha256:aca1c196f407ec7cf04dcbb15d19a43c507a81f7ffc45b690899d6a76ac9fda7", size = 2228447 },
    { url = "https://files.pythonhosted.org/packages/cb/3c/4f3ef1a14e903d7b2bc43672c20f732b874e1e50a9a58ac9a1726ef3773d/Pillow-9.5.0-cp37-cp37m-win_amd64.whl", hash = "sha256:322724c0032af6692456cd6ed554bb85f8149214d97398bb80613b04e33769f6", size = 2536969 },
    { url = "https://files.pythonhosted.org/packages/49/ef/98941488c7491a249692787dc741c97c22d5212a6d85f017519011195cfe/Pillow-9.5.0-cp38-cp38-macosx_10_10_x86_64.whl", hash = "sha256:a0aa9417994d91301056f3d0038af1199eb7adc86e646a36b9e050b06f526597", size = 3395670 },
    { url = "https://files.pythonhosted.org/packages/aa/a5/ba2eeb1a242babb23a21a782356f8b6fe1312b24b69062ee1cb60107fd95/Pillow-9.5.0-cp38-cp38-macosx_11_0_arm64.whl", hash = "sha256:f8286396b351785801a976b1e85ea88e937712ee2c3ac653710a4a57a8da5d9c", size = 3077136 },
    { url = "https://files.pythonhosted.org/packages/18/e4/f13369726d14e550f0028265b299f7c8262ccb7fb295df29e4f2fd79e0ab/Pillow-9.5.0-cp38-cp38-manylinux_2_17_aarch64.manylinux2014_aarch64.whl", hash = "sha256:c830a02caeb789633863b466b9de10c015bded434deb3ec87c768e53752ad22a", size = 3112507 },
    { url = "https://files.pythonhosted.org/packages/90/00/123c546069abac47bd4ce2e0a78e6ad4040e43294ebbb266a3a21d3616b2/Pillow-9.5.0-cp38-cp38-manylinux_2_17_i686.manylinux2014_i686.whl", hash = "sha256:fbd359831c1657d69bb81f0db962905ee05e5e9451913b18b831febfe0519082", size = 3386666 },
    { url = "https://files.pythonhosted.org/packages/1b/dc/2d0919633097a93dcad35a2fb97304f4a9297f746e830a8b441af3db2007/Pillow-9.5.0-cp38-cp38-manylinux_2_17_x86_64.manylinux2014_x86_64.whl", hash = "sha256:f8fc330c3370a81bbf3f88557097d1ea26cd8b019d6433aa59f71195f5ddebbf", size = 3308600 },
    { url = "https://files.pythonhosted.org/packages/33/a8/0d37d73387b8ea9cb3ad391a93e65ed9f62a331c0dfed1869891b6efd7a2/Pillow-9.5.0-cp38-cp38-manylinux_2_28_aarch64.whl", hash = "sha256:7002d0797a3e4193c7cdee3198d7c14f92c0836d6b4a3f3046a64bd1ce8df2bf", size = 3163998 },
    { url = "https://files.pythonhosted.org/packages/a6/8b/cca45afbbd58ca032594ea465ded859b9da6d8bc226afe0e60e64bd8872e/Pillow-9.5.0-cp38-cp38-manylinux_2_28_x86_64.whl", hash = "sha256:229e2c79c00e85989a34b5981a2b67aa079fd08c903f0aaead522a1d68d79e51", size = 3415559 },
    { url = "https://files.pythonhosted.org/packages/5d/06/2f319e3244bdd84567ed2d7d405a6e0fd9dd03fc6d7e24794ac1e14d570d/Pillow-9.5.0-cp38-cp38-musllinux_1_1_aarch64.whl", hash = "sha256:9adf58f5d64e474bed00d69bcd86ec4bcaa4123bfa70a65ce72e424bfb88ed96", size = 3350681 },
    { url = "https://files.pythonhosted.org/packages/db/5c/ba9e291850f594f89436cdca93d36c6f8610d4fb7833a6c257f4481d4174/Pillow-9.5.0-cp38-cp38-musllinux_1_1_x86_64.whl", hash = "sha256:662da1f3f89a302cc22faa9f14a262c2e3951f9dbc9617609a47521c69dd9f8f", size = 3414578 },
    { url = "https://files.pythonhosted.org/packages/85/4d/d0b5c3610a39f01e380489770b10e2b8644a2188eace45c84e40d439b0dd/Pillow-9.5.0-cp38-cp38-win32.whl", hash = "sha256:6608ff3bf781eee0cd14d0901a2b9cc3d3834516532e3bd673a0a204dc8615fc", size = 2229252 },
    { url = "https://files.pythonhosted.org/packages/c3/ba/c4c2a1411561cd9725979115e7450f1367b44997ae1ff29e5845bce92d52/Pillow-9.5.0-cp38-cp38-win_amd64.whl", hash = "sha256:e49eb4e95ff6fd7c0c402508894b1ef0e01b99a44320ba7d8ecbabefddcc5569", size = 2537784 },
    { url = "https://files.pythonhosted.org/packages/64/46/672289c0ff87733fb93854dedf3a8d65642a25c0bfc88e7f6d722f9161a5/Pillow-9.5.0-cp39-cp39-macosx_10_10_x86_64.whl", hash = "sha256:482877592e927fd263028c105b36272398e3e1be3269efda09f6ba21fd83ec66", size = 3395750 },
    { url = "https://files.pythonhosted.org/packages/a9/70/9259e93534d01f846f7d0501f19bb7d8cc1751741bc20826fc8d3a20fe32/Pillow-9.5.0-cp39-cp39-macosx_11_0_arm64.whl", hash = "sha256:3ded42b9ad70e5f1754fb7c2e2d6465a9c842e41d178f262e08b8c85ed8a1d8e", size = 3077133 },
    { url = "https://files.pythonhosted.org/packages/95/62/8a943681db5f6588498ed86aa1568dd31c63f6afdabe50841589fc662c68/Pillow-9.5.0-cp39-cp39-manylinux_2_17_aarch64.manylinux2014_aarch64.whl", hash = "sha256:c446d2245ba29820d405315083d55299a796695d747efceb5717a8b450324115", size = 3112534 },
    { url = "https://files.pythonhosted.org/packages/f2/43/0892913d499c8df2c88dee69d59e77de19e0c51754a9be82023880641c09/Pillow-9.5.0-cp39-cp39-manylinux_2_17_i686.manylinux2014_i686.whl", hash = "sha256:8aca1152d93dcc27dc55395604dcfc55bed5f25ef4c98716a928bacba90d33a3", size = 3386725 },
    { url = "https://files.pythonhosted.org/packages/ff/fc/48a51c0fe2a00d5def57b9981a1e0f8339b516351da7a51500383d833bc8/Pillow-9.5.0-cp39-cp39-manylinux_2_17_x86_64.manylinux2014_x86_64.whl", hash = "sha256:608488bdcbdb4ba7837461442b90ea6f3079397ddc968c31265c1e056964f1ef", size = 3308605 },
    { url = "https://files.pythonhosted.org/packages/af/b7/f9faf80e3c93b02712c5748f10c75a8948e74eca61ec2408f7e1d4c9dd16/Pillow-9.5.0-cp39-cp39-manylinux_2_28_aarch64.whl", hash = "sha256:60037a8db8750e474af7ffc9faa9b5859e6c6d0a50e55c45576bf28be7419705", size = 3164057 },
    { url = "https://files.pythonhosted.org/packages/3b/2b/57915b8af178e2c20bfd403ffed4521947881f9dbbfbaba48210dc59b9d7/Pillow-9.5.0-cp39-cp39-manylinux_2_28_x86_64.whl", hash = "sha256:07999f5834bdc404c442146942a2ecadd1cb6292f5229f4ed3b31e0a108746b1", size = 3415613 },
    { url = "https://files.pythonhosted.org/packages/e7/2a/f3ed578595f8486ee2cc07434460097d89aedd406a3db849b890ca8ec416/Pillow-9.5.0-cp39-cp39-musllinux_1_1_aarch64.whl", hash = "sha256:a127ae76092974abfbfa38ca2d12cbeddcdeac0fb71f9627cc1135bedaf9d51a", size = 3350667 },
    { url = "https://files.pythonhosted.org/packages/28/a2/f2d0d584d45100a5419fd70a1233ade8f12469ffe6e8e3acd40364beaadb/Pillow-9.5.0-cp39-cp39-musllinux_1_1_x86_64.whl", hash = "sha256:489f8389261e5ed43ac8ff7b453162af39c3e8abd730af8363587ba64bb2e865", size = 3414552 },
    { url = "https://files.pythonhosted.org/packages/51/3a/a6701b987007aaa43559b7d8510629845b25686f09a0eb29f8946a62d767/Pillow-9.5.0-cp39-cp39-win32.whl", hash = "sha256:9b1af95c3a967bf1da94f253e56b6286b50af23392a886720f563c547e48e964", size = 2229361 },
    { url = "https://files.pythonhosted.org/packages/69/72/48cc52bff8731cf72bc4101e34dc44807a410c171f921afb582a511da50e/Pillow-9.5.0-cp39-cp39-win_amd64.whl", hash = "sha256:77165c4a5e7d5a284f10a6efaa39a0ae8ba839da344f20b111d62cc932fa4e5d", size = 2538580 },
    { url = "https://files.pythonhosted.org/packages/05/80/40ec3390eb39f128f9c81dfdce6fe419fad1296e816232c2785e74bb6255/Pillow-9.5.0-pp38-pypy38_pp73-macosx_10_10_x86_64.whl", hash = "sha256:833b86a98e0ede388fa29363159c9b1a294b0905b5128baf01db683672f230f5", size = 3350068 },
    { url = "https://files.pythonhosted.org/packages/52/f8/099a6b9de39763b40ed6be5c0aa5b5aed800ecad98535c6c77dfa79484f1/Pillow-9.5.0-pp38-pypy38_pp73-manylinux_2_17_i686.manylinux2014_i686.whl", hash = "sha256:aaf305d6d40bd9632198c766fb64f0c1a83ca5b667f16c1e79e1661ab5060140", size = 3281820 },
    { url = "https://files.pythonhosted.org/packages/0d/4f/e31e4814b09f15c13d6fe069458a3b32a240ffaeb603b973456de3ea6d2a/Pillow-9.5.0-pp38-pypy38_pp73-manylinux_2_17_x86_64.manylinux2014_x86_64.whl", hash = "sha256:0852ddb76d85f127c135b6dd1f0bb88dbb9ee990d2cd9aa9e28526c93e794fba", size = 3222897 },
    { url = "https://files.pythonhosted.org/packages/22/3b/db9837995e3d51ff356e39726e2ec0925850fdfef104996c2767baca4407/Pillow-9.5.0-pp38-pypy38_pp73-manylinux_2_28_x86_64.whl", hash = "sha256:91ec6fe47b5eb5a9968c79ad9ed78c342b1f97a091677ba0e012701add857829", size = 3298302 },
    { url = "https://files.pythonhosted.org/packages/d9/0e/7c6f054022235830dc2c37ec83e947d9ca09b0b0361e1e5e29983da92294/Pillow-9.5.0-pp38-pypy38_pp73-win_amd64.whl", hash = "sha256:cb841572862f629b99725ebaec3287fc6d275be9b14443ea746c1dd325053cbd", size = 2537868 },
    { url = "https://files.pythonhosted.org/packages/24/35/92032a00f41bea9bf93f19d48f15daac27d1365c0038fe22dc4e7fc7c8b0/Pillow-9.5.0-pp39-pypy39_pp73-macosx_10_10_x86_64.whl", hash = "sha256:c380b27d041209b849ed246b111b7c166ba36d7933ec6e41175fd15ab9eb1572", size = 3349772 },
    { url = "https://files.pythonhosted.org/packages/50/ce/d39869c22904558ce32e664904cf72f13a9d47703b72392e881d9e7b6082/Pillow-9.5.0-pp39-pypy39_pp73-manylinux_2_17_i686.manylinux2014_i686.whl", hash = "sha256:7c9af5a3b406a50e313467e3565fc99929717f780164fe6fbb7704edba0cebbe", size = 3281583 },
    { url = "https://files.pythonhosted.org/packages/7a/75/4a382d1567efc6f4e3054f693167f8ce2d1ad939c5f6f12aa5c50f74b997/Pillow-9.5.0-pp39-pypy39_pp73-manylinux_2_17_x86_64.manylinux2014_x86_64.whl", hash = "sha256:5671583eab84af046a397d6d0ba25343c00cd50bce03787948e0fff01d4fd9b1", size = 3222603 },
    { url = "https://files.pythonhosted.org/packages/51/d2/c10f72c44e000d08e41f822083cf322bb59afa7ed01ae7e3e47875b47600/Pillow-9.5.0-pp39-pypy39_pp73-manylinux_2_28_x86_64.whl", hash = "sha256:84a6f19ce086c1bf894644b43cd129702f781ba5751ca8572f08aa40ef0ab7b7", size = 3298174 },
    { url = "https://files.pythonhosted.org/packages/02/4a/d362f7f44f1e5801c6726f0eaaeaf869d0d43c554b717072b2c5540cefb4/Pillow-9.5.0-pp39-pypy39_pp73-win_amd64.whl", hash = "sha256:1e7723bd90ef94eda669a3c2c19d549874dd5badaeefabefd26053304abe5799", size = 2538628 },
]

[[package]]
name = "pillow-avif-plugin"
version = "1.4.6"
source = { registry = "https://pypi.org/simple" }
sdist = { url = "https://files.pythonhosted.org/packages/2d/eb/9c097e058c9d5bb7cd39b32730397d645856a81360b4e49cafe16ec1f358/pillow-avif-plugin-1.4.6.tar.gz", hash = "sha256:855cf50d03f6fc16e1fd5e364b3cea0b79f4bf90d39ff2123969735d851e08ba", size = 19632 }
wheels = [
    { url = "https://files.pythonhosted.org/packages/74/f9/33b216631fce1423560101170d6aa8578c7c90f68e63ae7db13332747d8c/pillow_avif_plugin-1.4.6-cp310-cp310-macosx_10_10_x86_64.whl", hash = "sha256:b95c477fc619a82a68800ff18599e2704aec6fcf9aa65898b02f0240feeb0af5", size = 7980914 },
    { url = "https://files.pythonhosted.org/packages/41/3c/281aa8e53b865a9c4237bf09ebff3dd2d34cb2f54436378bf766de168035/pillow_avif_plugin-1.4.6-cp310-cp310-macosx_11_0_arm64.whl", hash = "sha256:c96ee1d1b504a2efa80c9d6d3b71a9884c724dc34d6e67131a64678e09c7a81c", size = 5743282 },
    { url = "https://files.pythonhosted.org/packages/0d/ad/c69f4e5f457779bad96b2d8e1d7d0eebf51de8a972877d90b65adc92df1a/pillow_avif_plugin-1.4.6-cp310-cp310-manylinux_2_17_aarch64.manylinux2014_aarch64.manylinux_2_28_aarch64.whl", hash = "sha256:fa2fcd16cb42e8831b898266b8055caa0a83813dcb5cd1a75f9026670c8143ee", size = 12295340 },
    { url = "https://files.pythonhosted.org/packages/8e/15/88c185784d27b717f15281369936aecd3cb5c389e9f2c3e9ab00f9164ac1/pillow_avif_plugin-1.4.6-cp310-cp310-manylinux_2_17_aarch64.manylinux2014_aarch64.whl", hash = "sha256:0014a215e197c52520d3946f3704c8c0932a170cc5783f96d2385f55191dce29", size = 6431293 },
    { url = "https://files.pythonhosted.org/packages/96/16/337ac3cb73a47f0ac60116211a17d27745ff3218f2d3f844aa94cae865ec/pillow_avif_plugin-1.4.6-cp310-cp310-manylinux_2_17_x86_64.manylinux2014_x86_64.whl", hash = "sha256:5c5e6575e0ca0cd292d459cf627a27a505f38a6edad6f35fd9c4bce4a2cccef3", size = 7984062 },
    { url = "https://files.pythonhosted.org/packages/c9/97/6a1281b02a874246f8b21397f4a3283b84f9bf6a730fe38f58c4f7c3eb80/pillow_avif_plugin-1.4.6-cp310-cp310-manylinux_2_24_x86_64.manylinux_2_28_x86_64.whl", hash = "sha256:ee90677fdfdaacdf653ef88370f0663c6a4d0d0225b898337e5989de227c6c21", size = 14664623 },
    { url = "https://files.pythonhosted.org/packages/f8/69/4374422088b276b48b78d618739ba91ac974f08baa165d57aa32cb70e1e1/pillow_avif_plugin-1.4.6-cp310-cp310-musllinux_1_1_x86_64.whl", hash = "sha256:963ce7b93340f235db5c7f16b46835c72681896052dcbf1652a01946e7b9103e", size = 8123404 },
    { url = "https://files.pythonhosted.org/packages/a2/5c/2e1360e60156f74d1bfac848e692e0d07d295067354f39fb4a134c1b4489/pillow_avif_plugin-1.4.6-cp310-cp310-musllinux_1_2_aarch64.whl", hash = "sha256:370de32c70e88a28ed14045a92efe3f0e9b85e082399c80e677b8898a05bcf93", size = 12488495 },
    { url = "https://files.pythonhosted.org/packages/44/93/fb09b344e70f8e392c7a0bd91e86535c44a7e6b558cbe0e2c1d7a7f41a34/pillow_avif_plugin-1.4.6-cp310-cp310-musllinux_1_2_x86_64.whl", hash = "sha256:e74ec744167412977d5ccd43757aaef143e4290717efc16d60646a62e86f2d19", size = 14908397 },
    { url = "https://files.pythonhosted.org/packages/49/29/7723e23a66fbc6e4e0f46a7cd4792c8b6b77bcf4b76ae9c952f917eae84b/pillow_avif_plugin-1.4.6-cp310-cp310-win_amd64.whl", hash = "sha256:c8b9347a91acd183db302e198cf582127eb3de98ad185bf9aff773c99e415320", size = 10564231 },
    { url = "https://files.pythonhosted.org/packages/91/3f/afc36402db13176f7fa72191ba6ae213037ee61ad3b83d958bee3ae03fcd/pillow_avif_plugin-1.4.6-cp311-cp311-macosx_10_10_x86_64.whl", hash = "sha256:dec8a348e46266dd0bf20a6edd01b96b0a11042e8654d701444e4a5cebf7f44b", size = 7980892 },
    { url = "https://files.pythonhosted.org/packages/bf/31/3c7614877513b254ee826d18d27cbe6b4e7e9a7e7b92c1a23b633761d682/pillow_avif_plugin-1.4.6-cp311-cp311-macosx_11_0_arm64.whl", hash = "sha256:91537935612d8fb4b8f621a912ce0eb4e363fdf615d472b20a043a7a18efb461", size = 5743281 },
    { url = "https://files.pythonhosted.org/packages/11/ef/c539e0104fda5f02f97011de88ea2d7da056ca9829ded1913a5536a55abf/pillow_avif_plugin-1.4.6-cp311-cp311-manylinux_2_17_aarch64.manylinux2014_aarch64.manylinux_2_28_aarch64.whl", hash = "sha256:162b2725fb7c1e2a97dd3e6295f478a51acba5b0ce71535ab3b5fe07075c1990", size = 12297320 },
    { url = "https://files.pythonhosted.org/packages/2d/65/43e029607fcd772ddea33dff6daaccdf4e4bcfa9e90eb5a9e4e80b257aee/pillow_avif_plugin-1.4.6-cp311-cp311-manylinux_2_17_aarch64.manylinux2014_aarch64.whl", hash = "sha256:c1cd659136fca622a9324fa7efa56f711f2e576206754c284b80aa5504fb96e4", size = 6431288 },
    { url = "https://files.pythonhosted.org/packages/0c/48/1300e1813fba74080f80d9e16b7c837f229021a146225b8b50573b83e813/pillow_avif_plugin-1.4.6-cp311-cp311-manylinux_2_17_x86_64.manylinux2014_x86_64.whl", hash = "sha256:60699d10679c8361690703b79abde4a2e7b8047540f0c58fd5da0ac672a15321", size = 7984060 },
    { url = "https://files.pythonhosted.org/packages/54/45/8800c2c80fabf1d5313a7872704018905931aa43458df1d26f393f62c5d1/pillow_avif_plugin-1.4.6-cp311-cp311-manylinux_2_24_x86_64.manylinux_2_28_x86_64.whl", hash = "sha256:7228715ce0ced5e06cb116c12a48d101b4148714b352ffaebb2f12378483b530", size = 14666403 },
    { url = "https://files.pythonhosted.org/packages/59/0a/518bd65550e1d09244cabfd4f5e591e8b6147786893f7a86d78f4118a130/pillow_avif_plugin-1.4.6-cp311-cp311-musllinux_1_1_x86_64.whl", hash = "sha256:323804efe752cf4d15fdcf770749ba23d727f8ea94b95cfe42bec597f3b9bbbb", size = 8123409 },
    { url = "https://files.pythonhosted.org/packages/c1/29/43d0e793df4c00a93cce8805f22bbea93b30c207a59c4229c3b5fe2bd0b5/pillow_avif_plugin-1.4.6-cp311-cp311-musllinux_1_2_aarch64.whl", hash = "sha256:bb5588a204f7e6b42e0c4306459d34562d881e504202c5eed34c19fe86e6893e", size = 12489930 },
    { url = "https://files.pythonhosted.org/packages/3f/39/8e57914ab2565a741493ffe18d52b7fc830e2d5d7102719a32a054106c6e/pillow_avif_plugin-1.4.6-cp311-cp311-musllinux_1_2_x86_64.whl", hash = "sha256:3443da3be828029500c26ba4f41cabec1450eac8d8cb49aedf56d19e0200a3ee", size = 14910514 },
    { url = "https://files.pythonhosted.org/packages/05/d9/2449fa7f64f1b28353cae3daf72e56d00c7791a6a63abe550e130ce542b1/pillow_avif_plugin-1.4.6-cp311-cp311-win_amd64.whl", hash = "sha256:584469ea7dedd8ca4f579917cf22f25e8ab980e1b98bbe212cbd7395f881cd42", size = 10564222 },
    { url = "https://files.pythonhosted.org/packages/b2/f7/460c854c3f4a9802aabd0a25b4814a7e5902c776a6501498a4078bf2a0d3/pillow_avif_plugin-1.4.6-cp312-cp312-macosx_10_10_x86_64.whl", hash = "sha256:e2087daa49881421a5e703fcff80aa2cbcb5a455cf73114ed5f0ea2a697794c8", size = 7980980 },
    { url = "https://files.pythonhosted.org/packages/26/ce/4e84b4caf933c4e938076b238e57245157a501d9a990451024d91e3dae9d/pillow_avif_plugin-1.4.6-cp312-cp312-macosx_10_13_x86_64.whl", hash = "sha256:cc3256fd23f5c7bef4bcc562db9d2cd04634a7b01dee41ea35e8e92a2334a949", size = 8016324 },
    { url = "https://files.pythonhosted.org/packages/f5/11/2f0fa7d135f91a8e34d9040b18a899d185776a642f5773ca33d45b0996ba/pillow_avif_plugin-1.4.6-cp312-cp312-macosx_11_0_arm64.whl", hash = "sha256:5bacc0802516f054f98d9f218ada17b2e8a756e35cb71e7401bb8422848fe796", size = 5743257 },
    { url = "https://files.pythonhosted.org/packages/ab/11/d26281b45864aed5a157896ecc77d2d941d072ffac840d2a2c4a81b9f1a1/pillow_avif_plugin-1.4.6-cp312-cp312-manylinux_2_17_aarch64.manylinux2014_aarch64.manylinux_2_28_aarch64.whl", hash = "sha256:cbd9a1a45d982e346063ec4f4ce100021c565ee3102f9ff7f678019d5febada8", size = 12296355 },
    { url = "https://files.pythonhosted.org/packages/24/b6/5a2fda66a192c0a372bcd7968c5914ccc6dcd48cd57b2f6cccba4587e209/pillow_avif_plugin-1.4.6-cp312-cp312-manylinux_2_17_aarch64.manylinux2014_aarch64.whl", hash = "sha256:e74e53951228c3e6ff5141121bd2876e8aecdb27d5f12d01cc519258e0073d8b", size = 6431301 },
    { url = "https://files.pythonhosted.org/packages/ac/1d/2d6f816e15e56b053758fbd6d625fbd79b5cf22e775fce9967b83ede8c31/pillow_avif_plugin-1.4.6-cp312-cp312-manylinux_2_17_x86_64.manylinux2014_x86_64.whl", hash = "sha256:b37e1314500cec3457210f4c8a7583afe35751f076efa8122faa0f205403d645", size = 7984138 },
    { url = "https://files.pythonhosted.org/packages/0e/05/a3750549f914763d34c9a1dc1c4d78e2fe5021ad26faa71892f18c34b073/pillow_avif_plugin-1.4.6-cp312-cp312-manylinux_2_24_x86_64.manylinux_2_28_x86_64.whl", hash = "sha256:3008acd3edf86e8e2291d40e9f9eae86f5140415431d21f219df5ca8e8210115", size = 14667148 },
    { url = "https://files.pythonhosted.org/packages/86/36/32e9576c512fb53096ee050a112a12c6054c4e9c6ce2ec9e7e6f4d9d5d11/pillow_avif_plugin-1.4.6-cp312-cp312-musllinux_1_1_x86_64.whl", hash = "sha256:d643db246d6c07994fbb98b5fa6c6ae8f9b19b4ed24566bc06942b7dad10ad47", size = 8123272 },
    { url = "https://files.pythonhosted.org/packages/73/39/8955b693f0983d4f9326dae2df3135bb455011d474baee6ba9273ccf56ac/pillow_avif_plugin-1.4.6-cp312-cp312-musllinux_1_2_aarch64.whl", hash = "sha256:d0d96859d1ebfd7c6c8daa761a05ee9df0a70278ec3011b3b5c6e56ac4996fa7", size = 12489803 },
    { url = "https://files.pythonhosted.org/packages/b2/0f/327be9b4aca874d7d8b05b4e3300e55b3123611ee26f6ec1f055d1cb0f74/pillow_avif_plugin-1.4.6-cp312-cp312-musllinux_1_2_x86_64.whl", hash = "sha256:3d1654a1048ad09b6e7553d4eb6e6bd3848be512bab2e283275585609dbda8b0", size = 14911324 },
    { url = "https://files.pythonhosted.org/packages/f0/5f/0bb9ec1910a5ece813ac6324b1d0f148cf71a0e5297ab8fcfce1e48a4ebe/pillow_avif_plugin-1.4.6-cp312-cp312-win_amd64.whl", hash = "sha256:f262547edeec00ad287c8845ac6c9d7d822ef4b00d1832175c4c8fd692e34eba", size = 10564587 },
    { url = "https://files.pythonhosted.org/packages/3c/e2/eb6f75563b04188991bbe17d0c0350d9bb61886fa2660b749f34e555f3f2/pillow_avif_plugin-1.4.6-cp313-cp313-macosx_10_13_x86_64.whl", hash = "sha256:1d43a5de556e2ab8437e9d8b07da96e968e0498cb3c0d448c34198c7bac0387c", size = 8016288 },
    { url = "https://files.pythonhosted.org/packages/46/c3/675d2de2a68761f5125751f724217d6177ca6e8e78b889db6207441b1e3d/pillow_avif_plugin-1.4.6-cp313-cp313-macosx_11_0_arm64.whl", hash = "sha256:8ce3fd54c76845c24dcd1cbc73fa5c72969df191bf7cd388a446f2f38342885c", size = 5676479 },
    { url = "https://files.pythonhosted.org/packages/21/33/7ee19bbbfb0568ea2f0dba644325e4111e65f7f7e99b9f1dcc956aa2d304/pillow_avif_plugin-1.4.6-cp313-cp313-manylinux_2_17_aarch64.manylinux2014_aarch64.manylinux_2_28_aarch64.whl", hash = "sha256:b3c8d4f32a36ef4c345660a708067b6074dd380d0585589867333f7cb350bb9d", size = 12296248 },
    { url = "https://files.pythonhosted.org/packages/ce/40/51ba62d38a3ece90f5f22e641f0be952972a3c8238dd740e63c8d483dea3/pillow_avif_plugin-1.4.6-cp313-cp313-manylinux_2_17_aarch64.manylinux2014_aarch64.whl", hash = "sha256:6f4563e5cd130016f8ea17602422b36abe4f63d2073ba98f2dbed42377b2f91c", size = 12214782 },
    { url = "https://files.pythonhosted.org/packages/bb/e2/7c6bce378c0d6c7a1a9f8a544e71e06a0a519c6d9ffc8e538dd015977a10/pillow_avif_plugin-1.4.6-cp313-cp313-manylinux_2_17_x86_64.manylinux2014_x86_64.whl", hash = "sha256:070b07e47012a3490ab56e62dd629cbe694240159df333f01692c3e5fb8acff8", size = 14394606 },
    { url = "https://files.pythonhosted.org/packages/31/33/a2f0785fcf20542fdfacea4390d3d1c5da26e7faeb10d9fb26cf374cd131/pillow_avif_plugin-1.4.6-cp313-cp313-manylinux_2_24_x86_64.manylinux_2_28_x86_64.whl", hash = "sha256:57e883963205b7cfe2981ca98db6554c488fbff2b5a6751cfcf065c6e657a922", size = 14666959 },
    { url = "https://files.pythonhosted.org/packages/cd/12/be3b001225d9ed4b2e3119682315b4a51bf3e3114a24664096b73bd31512/pillow_avif_plugin-1.4.6-cp313-cp313-musllinux_1_2_aarch64.whl", hash = "sha256:ba1ae4dd323f019e0a1750555b02d91934724e4d556638baa60b5ca62e30f353", size = 12489897 },
    { url = "https://files.pythonhosted.org/packages/21/0a/6aa0f761308054b2aa7488ef9583c3125d1d2260b7d7482da0592a96ecaa/pillow_avif_plugin-1.4.6-cp313-cp313-musllinux_1_2_x86_64.whl", hash = "sha256:73b840b612a6ce840e2206a9f097f4ad07c1ca4ed99a3b0d14444224daf55e88", size = 14911538 },
    { url = "https://files.pythonhosted.org/packages/19/80/3bdee7cd75ce7a1f20c2e1039d4a0e469185551032b95c68a58159b9fc9b/pillow_avif_plugin-1.4.6-cp313-cp313-win_amd64.whl", hash = "sha256:a79fc89bae89be6bede9b4b01aff3967cd009c02edec1e70e6de8e52ef93b5fc", size = 10728675 },
    { url = "https://files.pythonhosted.org/packages/db/7e/fb4b950f16c3f43a030604a7f0672137c3c4a4b3a4fa98f3390dd88d0fa2/pillow_avif_plugin-1.4.6-cp313-cp313t-macosx_10_13_x86_64.whl", hash = "sha256:b1461731cde80ea246bce6ff87320367dbba206ee51a3370d99e679540dbcc17", size = 8016566 },
    { url = "https://files.pythonhosted.org/packages/1d/fb/0e3e2a252f2d92a8f453633144d35060d9bf53f5f5c7810f1fd0120bc1dd/pillow_avif_plugin-1.4.6-cp313-cp313t-macosx_11_0_arm64.whl", hash = "sha256:fe32db84ba0c9d9b364e2b36a55620d6112133107f82854f19a4fdaa93fce66b", size = 5675393 },
    { url = "https://files.pythonhosted.org/packages/82/03/57b1c557ae05bf81cbcb2aa4cefd357861bdcfd1b055d53afd23d02902e8/pillow_avif_plugin-1.4.6-cp313-cp313t-manylinux_2_17_x86_64.manylinux2014_x86_64.whl", hash = "sha256:8ac4e238f172806b2f75a719895414ff8c67500ab0bfa691e53ee2a99cb85722", size = 14396630 },
    { url = "https://files.pythonhosted.org/packages/c2/00/12ec4d85453b85285b021e61bb027cadbf1bbb76b75d081ba0df7bc98d2a/pillow_avif_plugin-1.4.6-cp313-cp313t-manylinux_2_24_x86_64.manylinux_2_28_x86_64.whl", hash = "sha256:38a3934bcce34eb1f457434b336e4df8da1cf1eaea9306ca9f12ab5fa466e5a9", size = 14671480 },
    { url = "https://files.pythonhosted.org/packages/9d/9e/c922cdc8168c526201e3927fee37605b2d0df93dc9e6b2586f65cd6fd35a/pillow_avif_plugin-1.4.6-cp313-cp313t-musllinux_1_2_x86_64.whl", hash = "sha256:70b4e26bc604d7af87a5e5605b3480db9832eab0dbcf0b86565a813716653cce", size = 14914496 },
    { url = "https://files.pythonhosted.org/packages/30/1e/315c22079058ffc2b8c6028cb18e33f7dc420ec56c806e8428419347f427/pillow_avif_plugin-1.4.6-cp313-cp313t-win_amd64.whl", hash = "sha256:10e9b2ef297a9825b461715359ae233d6518d9863c877a8652c14d6acae6e9f0", size = 10729094 },
    { url = "https://files.pythonhosted.org/packages/ee/d8/d6babb8cacc9c937301bf495addb6e8a16afbc0a83e81a9486a1d775d32b/pillow_avif_plugin-1.4.6-cp37-cp37m-macosx_10_10_x86_64.whl", hash = "sha256:09a7e4b00b18df55b9f34d4f031060ca46d8f5f5e0ba347dda600dcb5172e5f2", size = 7980861 },
    { url = "https://files.pythonhosted.org/packages/d3/5c/dc59dd070f63f103ef50597a53046576ce50f777eba94755f122c4a0f016/pillow_avif_plugin-1.4.6-cp37-cp37m-macosx_11_0_arm64.whl", hash = "sha256:7d2e933e9b197e9a51c3fbfce389a70201fbce1b7c60172f790760217d7927f8", size = 4168180 },
    { url = "https://files.pythonhosted.org/packages/a8/c5/88885124d1e2299fd847865303c8c6d45c9e7333cebd0e915df251f6f70e/pillow_avif_plugin-1.4.6-cp37-cp37m-manylinux_2_12_x86_64.manylinux2010_x86_64.whl", hash = "sha256:56be2604b734caf23788922dbcc92d880d241d02b444c7a8367a65bb25b16aac", size = 8045885 },
    { url = "https://files.pythonhosted.org/packages/0f/36/c483dd53f18cab468361b804bc65fef373f865a2fc95e7f7b3dc8f07cc11/pillow_avif_plugin-1.4.6-cp37-cp37m-win_amd64.whl", hash = "sha256:0e699ca8dcfee82732495e101401567184fed6ba10f17e7fb872c46415606ec7", size = 10564440 },
    { url = "https://files.pythonhosted.org/packages/af/71/b50763ffb383d65c8a74514c845faf6879bcfc6f46c76bf25790192e6731/pillow_avif_plugin-1.4.6-cp38-cp38-macosx_10_10_x86_64.whl", hash = "sha256:fdd6ee615d948a2b68fd293f74a1a73d22e9d075f5d714b95a90ec2cb8da8de0", size = 7980915 },
    { url = "https://files.pythonhosted.org/packages/e8/f2/41c98c104030de156f338231dbb163f149f3815b5610f5895a6fcf60d417/pillow_avif_plugin-1.4.6-cp38-cp38-macosx_11_0_arm64.whl", hash = "sha256:ce89c26671cd0fcb7967e4be4098ae8775b93cc6376ecd523c815cb5a2146298", size = 5743308 },
    { url = "https://files.pythonhosted.org/packages/5f/28/0bb5cd94ff8cd00b0c4b7091b220f4a38b63f2131411687a1e13e018c7fc/pillow_avif_plugin-1.4.6-cp38-cp38-manylinux_2_17_aarch64.manylinux2014_aarch64.whl", hash = "sha256:41a8c41b56a891adbcff30933009d475fdd649f2025d62ba59885975ed4379c0", size = 6431267 },
    { url = "https://files.pythonhosted.org/packages/f3/c0/9a91890b20ef1502f1b01e9b5f1a19f1cbfcc79993db8123e64d0d0fc032/pillow_avif_plugin-1.4.6-cp38-cp38-manylinux_2_17_x86_64.manylinux2014_x86_64.whl", hash = "sha256:25d1dea0c496a49b17a336b271263ea76a4a0af19553565e95c4bb03281a4113", size = 7984065 },
    { url = "https://files.pythonhosted.org/packages/43/b7/97ab964465f50850be177227a9f21df87ef575a3b3e142ece1614a0ff400/pillow_avif_plugin-1.4.6-cp38-cp38-musllinux_1_1_x86_64.whl", hash = "sha256:a6f97ffc84cdce0926f86a2f4bee088e661f5f93bec9112adca281341f463479", size = 8123410 },
    { url = "https://files.pythonhosted.org/packages/be/76/2e39ac81cec1288205c5d07759a926e688a4ada0fd3e87b0e46fd459c72e/pillow_avif_plugin-1.4.6-cp38-cp38-win_amd64.whl", hash = "sha256:5d3c1202e9e03b93ef5e385fcee917d73e23833618472e6416c0fc58b53ba8b8", size = 10564413 },
    { url = "https://files.pythonhosted.org/packages/02/72/5ee62c9b6147a63bc9ee189146a9491a3e1601eed4e76e0abbdef4d4fcfe/pillow_avif_plugin-1.4.6-cp39-cp39-macosx_10_10_x86_64.whl", hash = "sha256:2347399f2457e5efacec8fc9e446a5a90252b8723c6a47dc61e2353aa97e3e2e", size = 7980895 },
    { url = "https://files.pythonhosted.org/packages/91/65/f105b428a11a7b1217a288debf6c9ad96b48946478bff9d4f119e82b277b/pillow_avif_plugin-1.4.6-cp39-cp39-macosx_11_0_arm64.whl", hash = "sha256:df9a1e569543006abe0c534a3fa66ee1d72393644fd0d5bc74de57bfdb619573", size = 5743296 },
    { url = "https://files.pythonhosted.org/packages/4f/82/7cef7c884024e1e876c65a5551b2a78b58a38bbb9af6350df66bd3e830b8/pillow_avif_plugin-1.4.6-cp39-cp39-manylinux_2_17_aarch64.manylinux2014_aarch64.whl", hash = "sha256:6556cbee2d755dc99a99a5a85c302393e58bcbbf675bc93fa9ab283904dadbfc", size = 6431291 },
    { url = "https://files.pythonhosted.org/packages/a0/06/7cb1ef455006cb6271b2acc19d9a72db68c50a419aa1c1ff4ea8b074b667/pillow_avif_plugin-1.4.6-cp39-cp39-manylinux_2_17_x86_64.manylinux2014_x86_64.whl", hash = "sha256:6bc73ea62605c8725aba2422de1b546a5c4a6e5e73dcf66f9e22102249342d6b", size = 7984059 },
    { url = "https://files.pythonhosted.org/packages/a6/64/a3b2f1e2a11d3de4504999800a45e083d0adc3bcca4db7ca7885c7dea0c1/pillow_avif_plugin-1.4.6-cp39-cp39-manylinux_2_24_x86_64.manylinux_2_28_x86_64.whl", hash = "sha256:65eb8c6e572f24abadf1cd64516d41b18cef6defbcbb8bf68db286ad0053d2e6", size = 14665089 },
    { url = "https://files.pythonhosted.org/packages/b7/de/11ae85420febb62542993404bd39fded04a673d93eed699c7bc4b38667eb/pillow_avif_plugin-1.4.6-cp39-cp39-musllinux_1_1_x86_64.whl", hash = "sha256:334e1d39e8b3b4548db690df3735039378e96e1497fd8ba0e25a5e21561b7cf5", size = 8123406 },
    { url = "https://files.pythonhosted.org/packages/b1/b0/259608d027e66bae0064c781d7808f158be9883154b1b3a1992e5a29a873/pillow_avif_plugin-1.4.6-cp39-cp39-musllinux_1_2_aarch64.whl", hash = "sha256:d2f418adafb584ce878b60c0bf86e55ac2714277beb09127bdb6f1d65f46ddb7", size = 12488482 },
    { url = "https://files.pythonhosted.org/packages/44/cc/5c16de8ffe2a75a5ffb2a07c95c6fc5e90b72cf627ad96e6f519ec566d95/pillow_avif_plugin-1.4.6-cp39-cp39-musllinux_1_2_x86_64.whl", hash = "sha256:fe06bdb3ec104f5e1b8c03a0bfb22e3d23b4e94591ae73caec1940ce54eccc67", size = 14908793 },
    { url = "https://files.pythonhosted.org/packages/b2/87/42150649657d8134e850279346d82fd17d1434da7876a5501d232c5e26bb/pillow_avif_plugin-1.4.6-cp39-cp39-win_amd64.whl", hash = "sha256:b7c2e4adcdf7341dc05f31f13d85b6c4eed0e08daafc836e7b3317df41074bab", size = 10564315 },
    { url = "https://files.pythonhosted.org/packages/31/2c/cc6222f4209beb7b872c022f39d9f6263395d5bbec45582b9ee3e4463dfa/pillow_avif_plugin-1.4.6-pp310-pypy310_pp73-macosx_11_0_arm64.whl", hash = "sha256:cbe7ef581068620aa82fec573be7e3ac00deb9b19e5f0aeb0b8363c2f3f9194a", size = 5676327 },
    { url = "https://files.pythonhosted.org/packages/64/53/a186efeea1285566dd647637de1256ae3b1a4d2e15a2ec55285c05a74dac/pillow_avif_plugin-1.4.6-pp310-pypy310_pp73-manylinux_2_17_x86_64.manylinux2014_x86_64.whl", hash = "sha256:d650df98a3ad35685809a28676d975db28425ff98ebf0d2ce603984e1296daf8", size = 14332292 },
    { url = "https://files.pythonhosted.org/packages/cf/e7/87f1870dbc0512708cdecfcd015c6e68e2118d808681aa906e296fa9307c/pillow_avif_plugin-1.4.6-pp310-pypy310_pp73-manylinux_2_24_x86_64.manylinux_2_28_x86_64.whl", hash = "sha256:cb10b5ce2cf81f9f03c6c8c682a8ebeb9d9052f7725ec5fb46b8adacb7f70a8d", size = 14602014 },
    { url = "https://files.pythonhosted.org/packages/39/f3/8e3a85ccc9cafb247ee0575717762847e6b75bd8d600cc35cbaf15732cce/pillow_avif_plugin-1.4.6-pp39-pypy39_pp73-macosx_11_0_arm64.whl", hash = "sha256:f79f7d00fad620ec4a35c80f284aeffb84d110955b1360b28866152c796cc75e", size = 5676321 },
    { url = "https://files.pythonhosted.org/packages/1b/36/d1d481643bcdf25c8acfb21c94a7533c8d19bbeec58a7f247083a06f9ec1/pillow_avif_plugin-1.4.6-pp39-pypy39_pp73-manylinux_2_17_x86_64.manylinux2014_x86_64.whl", hash = "sha256:b56dfc8d6d88253bdd8fc747b38548ef4730a9f1e03780cd96455f44e5e13ae5", size = 14332355 },
    { url = "https://files.pythonhosted.org/packages/5c/f3/44538aa08adecff279198e01fac0abdfb6e39fe4439917ce36e10f55f161/pillow_avif_plugin-1.4.6-pp39-pypy39_pp73-manylinux_2_24_x86_64.manylinux_2_28_x86_64.whl", hash = "sha256:142d51990b6784ebde4aaecaab5e7f1c65a43ad0f06f7ea990da072e7277e90b", size = 14601934 },
]
